
Microsoft Visual Studio Solution File, Format Version 12.00
# Visual Studio Version 17
VisualStudioVersion = 17.14.36518.9
MinimumVisualStudioVersion = 10.0.40219.1
Project("{FAE04EC0-301F-11D3-BF4B-00C04F79EFBC}") = "PSUserContext.Api", "PSUserContext.Api\PSUserContext.Api.csproj", "{ADF72F34-07BD-477F-830F-AB6DEA79EAED}"
EndProject
Project("{FAE04EC0-301F-11D3-BF4B-00C04F79EFBC}") = "PSUserContext.Cmdlets", "PSUserContext.Cmdlets\PSUserContext.Cmdlets.csproj", "{EFC6F698-D191-E2AB-AB43-355E96AD4E32}"
EndProject
Global
	GlobalSection(SolutionConfigurationPlatforms) = preSolution
		Debug|Any CPU = Debug|Any CPU
		Release|Any CPU = Release|Any CPU
	EndGlobalSection
	GlobalSection(ProjectConfigurationPlatforms) = postSolution
		{ADF72F34-07BD-477F-830F-AB6DEA79EAED}.Debug|Any CPU.ActiveCfg = Debug|Any CPU
		{ADF72F34-07BD-477F-830F-AB6DEA79EAED}.Debug|Any CPU.Build.0 = Debug|Any CPU
		{ADF72F34-07BD-477F-830F-AB6DEA79EAED}.Release|Any CPU.ActiveCfg = Release|Any CPU
		{ADF72F34-07BD-477F-830F-AB6DEA79EAED}.Release|Any CPU.Build.0 = Release|Any CPU
		{EFC6F698-D191-E2AB-AB43-355E96AD4E32}.Debug|Any CPU.ActiveCfg = Debug|Any CPU
		{EFC6F698-D191-E2AB-AB43-355E96AD4E32}.Debug|Any CPU.Build.0 = Debug|Any CPU
		{EFC6F698-D191-E2AB-AB43-355E96AD4E32}.Release|Any CPU.ActiveCfg = Release|Any CPU
		{EFC6F698-D191-E2AB-AB43-355E96AD4E32}.Release|Any CPU.Build.0 = Release|Any CPU
	EndGlobalSection
	GlobalSection(SolutionProperties) = preSolution
		HideSolutionNode = FALSE
	EndGlobalSection
	GlobalSection(ExtensibilityGlobals) = postSolution
		SolutionGuid = {8E419337-A517-4E75-ACC5-E708587685A1}
	EndGlobalSection
EndGlobal
